
Microsoft Visual Studio Solution File, Format Version 12.00
# Visual Studio Version 17
VisualStudioVersion = 17.2.32630.192
MinimumVisualStudioVersion = 10.0.40219.1
Project("{FAE04EC0-301F-11D3-BF4B-00C04F79EFBC}") = "ClassLibrary1", "ClassLibrary1\ClassLibrary1.csproj", "{67EB0151-CFA1-417B-B450-E39F2F9CFD11}"
EndProject
Project("{FAE04EC0-301F-11D3-BF4B-00C04F79EFBC}") = "WinFormsApp1", "WinFormsApp1\WinFormsApp1.csproj", "{356B8569-FB84-4D2A-A71F-A05FF715137B}"
EndProject
Global
	GlobalSection(SolutionConfigurationPlatforms) = preSolution
		Debug|Any CPU = Debug|Any CPU
		Release|Any CPU = Release|Any CPU
	EndGlobalSection
	GlobalSection(ProjectConfigurationPlatforms) = postSolution
		{67EB0151-CFA1-417B-B450-E39F2F9CFD11}.Debug|Any CPU.ActiveCfg = Debug|Any CPU
		{67EB0151-CFA1-417B-B450-E39F2F9CFD11}.Debug|Any CPU.Build.0 = Debug|Any CPU
		{67EB0151-CFA1-417B-B450-E39F2F9CFD11}.Release|Any CPU.ActiveCfg = Release|Any CPU
		{67EB0151-CFA1-417B-B450-E39F2F9CFD11}.Release|Any CPU.Build.0 = Release|Any CPU
		{356B8569-FB84-4D2A-A71F-A05FF715137B}.Debug|Any CPU.ActiveCfg = Debug|Any CPU
		{356B8569-FB84-4D2A-A71F-A05FF715137B}.Debug|Any CPU.Build.0 = Debug|Any CPU
		{356B8569-FB84-4D2A-A71F-A05FF715137B}.Release|Any CPU.ActiveCfg = Release|Any CPU
		{356B8569-FB84-4D2A-A71F-A05FF715137B}.Release|Any CPU.Build.0 = Release|Any CPU
	EndGlobalSection
	GlobalSection(SolutionProperties) = preSolution
		HideSolutionNode = FALSE
	EndGlobalSection
	GlobalSection(ExtensibilityGlobals) = postSolution
		SolutionGuid = {ACA60319-DF91-4703-A093-37A113F95E5D}
	EndGlobalSection
EndGlobal
